{
    "name": "verso-1",
    "lockfileVersion": 3,
    "requires": true,
    "packages": {
        "": {
            "devDependencies": {
                "@leanprover/infoview": "0.13.0",
                "@types/react": "18.3.31",
                "@types/react-dom": "18.3.7",
                "prettier": "3.7.4",
                "typescript": "5.8.3"
            }
        },
        "node_modules/@leanprover/infoview": {
            "version": "0.13.0",
            "resolved": "https://registry.npmjs.org/@leanprover/infoview/-/infoview-0.13.0.tgz",
            "integrity": "sha512-H/nocA4VMbFPd/8dLZd9eXUsDvhRoUFycocmFIbqAoMJzKR/FkHrChfx6jhnCae4zcoBmTSqmAFUfEzaXFszkQ==",
            "dev": true,
            "license": "Apache-2.0",
            "dependencies": {
                "@leanprover/infoview-api": "~0.13.0",
                "@vscode-elements/react-elements": "^0.5.0",
                "@vscode/codicons": "^0.0.40",
                "es-module-lexer": "^1.5.4",
                "es-module-shims": "^2.8.0",
                "react-fast-compare": "^3.2.2",
                "tachyons": "^4.12.0",
                "vscode-languageserver-protocol": "^3.17.3"
            }
        },
        "node_modules/@leanprover/infoview-api": {
            "version": "0.13.0",
            "resolved": "https://registry.npmjs.org/@leanprover/infoview-api/-/infoview-api-0.13.0.tgz",
            "integrity": "sha512-WmRqGyXNG7a6mmI7B7xjzRHiyZc7I+D7MrBTlwbMo7n2TA3ts8yTSWZhbio3mOOEMCVMf0jzTnnS8TVJgqkoBA==",
            "dev": true,
            "license": "Apache-2.0"
        },
        "node_modules/@lit-labs/ssr-dom-shim": {
            "version": "1.6.0",
            "resolved": "https://registry.npmjs.org/@lit-labs/ssr-dom-shim/-/ssr-dom-shim-1.6.0.tgz",
            "integrity": "sha512-VHb0ALPMTlgKjM6yIxxoQNnpKyUKLD04VzeQdsiXkMqkvYlAHxq9glGLmgbb889/1GsohSOAjvQYoiBppXFqrQ==",
            "dev": true,
            "license": "BSD-3-Clause"
        },
        "node_modules/@lit/react": {
            "version": "1.0.8",
            "resolved": "https://registry.npmjs.org/@lit/react/-/react-1.0.8.tgz",
            "integrity": "sha512-p2+YcF+JE67SRX3mMlJ1TKCSTsgyOVdAwd/nxp3NuV1+Cb6MWALbN6nT7Ld4tpmYofcE5kcaSY1YBB9erY+6fw==",
            "dev": true,
            "license": "BSD-3-Clause",
            "peerDependencies": {
                "@types/react": "17 || 18 || 19"
            }
        },
        "node_modules/@lit/reactive-element": {
            "version": "2.1.2",
            "resolved": "https://registry.npmjs.org/@lit/reactive-element/-/reactive-element-2.1.2.tgz",
            "integrity": "sha512-pbCDiVMnne1lYUIaYNN5wrwQXDtHaYtg7YEFPeW+hws6U47WeFvISGUWekPGKWOP1ygrs0ef0o1VJMk1exos5A==",
            "dev": true,
            "license": "BSD-3-Clause",
            "dependencies": {
                "@lit-labs/ssr-dom-shim": "^1.5.0"
            }
        },
        "node_modules/@types/prop-types": {
            "version": "15.7.15",
            "resolved": "https://registry.npmjs.org/@types/prop-types/-/prop-types-15.7.15.tgz",
            "integrity": "sha512-F6bEyamV9jKGAFBEmlQnesRPGOQqS2+Uwi0Em15xenOxHaf2hv6L8YCVn3rPdPJOiJfPiCnLIRyvwVaqMY3MIw==",
            "dev": true,
            "license": "MIT"
        },
        "node_modules/@types/react": {
            "version": "18.3.31",
            "resolved": "https://registry.npmjs.org/@types/react/-/react-18.3.31.tgz",
            "integrity": "sha512-vfEqpXTvwT91yhmwdfouStN2hSKwTvyRs8qpLfADyrq/kxDw0hZM7Wk9Ug1FELj8hIby+S/+kQCSRFF32nv2Qw==",
            "dev": true,
            "license": "MIT",
            "dependencies": {
                "@types/prop-types": "*",
                "csstype": "^3.2.2"
            }
        },
        "node_modules/@types/react-dom": {
            "version": "18.3.7",
            "resolved": "https://registry.npmjs.org/@types/react-dom/-/react-dom-18.3.7.tgz",
            "integrity": "sha512-MEe3UeoENYVFXzoXEWsvcpg6ZvlrFNlOQ7EOsvhI3CfAXwzPfO8Qwuxd40nepsYKqyyVQnTdEfv68q91yLcKrQ==",
            "dev": true,
            "license": "MIT",
            "peerDependencies": {
                "@types/react": "^18.0.0"
            }
        },
        "node_modules/@types/trusted-types": {
            "version": "2.0.7",
            "resolved": "https://registry.npmjs.org/@types/trusted-types/-/trusted-types-2.0.7.tgz",
            "integrity": "sha512-ScaPdn1dQczgbl0QFTeTOmVHFULt394XJgOQNoyVhZ6r2vLnMLJfBPd53SB52T/3G36VI1/g2MZaX0cwDuXsfw==",
            "dev": true,
            "license": "MIT"
        },
        "node_modules/@vscode-elements/elements": {
            "version": "1.7.1",
            "resolved": "https://registry.npmjs.org/@vscode-elements/elements/-/elements-1.7.1.tgz",
            "integrity": "sha512-3iKAO+B5u/UKXVPOvnlpzFTCCh0lrESgonerNf6EOz2XgnBTBLC01qCHXTXTnFf/foSrcKEnLY7REZOnwZSe3A==",
            "dev": true,
            "license": "MIT",
            "dependencies": {
                "lit": "^3.2.0"
            }
        },
        "node_modules/@vscode-elements/react-elements": {
            "version": "0.5.0",
            "resolved": "https://registry.npmjs.org/@vscode-elements/react-elements/-/react-elements-0.5.0.tgz",
            "integrity": "sha512-+H1aKuD7uID8Dc/YiQCQUFtGcWxCX+rWH9EIcQTUB1Gj8SfQrwN4Cd46BqQbwJAwtYJkOMl9i+Urfc5mkw8HWw==",
            "dev": true,
            "license": "ISC",
            "dependencies": {
                "@lit/react": "^1.0.6",
                "@vscode-elements/elements": "~1.7.0",
                "react": "~18.0.0"
            }
        },
        "node_modules/@vscode/codicons": {
            "version": "0.0.40",
            "resolved": "https://registry.npmjs.org/@vscode/codicons/-/codicons-0.0.40.tgz",
            "integrity": "sha512-R8sEDXthD86JHsk3xERrMcTN6sMovbk1AXYB5/tGoEYCE8DWwya6al5VLrAmQYXC1bQhUHIfHALj8ijQUs11cQ==",
            "dev": true,
            "license": "CC-BY-4.0"
        },
        "node_modules/csstype": {
            "version": "3.2.3",
            "resolved": "https://registry.npmjs.org/csstype/-/csstype-3.2.3.tgz",
            "integrity": "sha512-z1HGKcYy2xA8AGQfwrn0PAy+PB7X/GSj3UVJW9qKyn43xWa+gl5nXmU4qqLMRzWVLFC8KusUX8T/0kCiOYpAIQ==",
            "dev": true,
            "license": "MIT"
        },
        "node_modules/es-module-lexer": {
            "version": "1.7.0",
            "resolved": "https://registry.npmjs.org/es-module-lexer/-/es-module-lexer-1.7.0.tgz",
            "integrity": "sha512-jEQoCwk8hyb2AZziIOLhDqpm5+2ww5uIE6lkO/6jcOCusfk6LhMHpXXfBLXTZ7Ydyt0j4VoUQv6uGNYbdW+kBA==",
            "dev": true,
            "license": "MIT"
        },
        "node_modules/es-module-shims": {
            "version": "2.8.4",
            "resolved": "https://registry.npmjs.org/es-module-shims/-/es-module-shims-2.8.4.tgz",
            "integrity": "sha512-ea5srn5L89PWVad6Qle6r2kg+HvvLiL/GHqgNx06eFrkERHkrTFWaqo1w8Sd+XI3Xr0iAG5x3ZQ7mQ/hnQzNpA==",
            "dev": true,
            "license": "MIT"
        },
        "node_modules/js-tokens": {
            "version": "4.0.0",
            "resolved": "https://registry.npmjs.org/js-tokens/-/js-tokens-4.0.0.tgz",
            "integrity": "sha512-RdJUflcE3cUzKiMqQgsCu06FPu9UdIJO0beYbPhHN4k6apgJtifcoCtT9bcxOpYBtpD2kCM6Sbzg4CausW/PKQ==",
            "dev": true,
            "license": "MIT"
        },
        "node_modules/lit": {
            "version": "3.3.3",
            "resolved": "https://registry.npmjs.org/lit/-/lit-3.3.3.tgz",
            "integrity": "sha512-fycuvZg/hkpozL00lm1pEJH5nN/lr9ZXd6mJI2HSN4+Bzc+LDNdEApJ6HFbPkdFNHLvOplIIuJvxkS4XUxqirw==",
            "dev": true,
            "license": "BSD-3-Clause",
            "dependencies": {
                "@lit/reactive-element": "^2.1.0",
                "lit-element": "^4.2.0",
                "lit-html": "^3.3.0"
            }
        },
        "node_modules/lit-element": {
            "version": "4.2.2",
            "resolved": "https://registry.npmjs.org/lit-element/-/lit-element-4.2.2.tgz",
            "integrity": "sha512-aFKhNToWxoyhkNDmWZwEva2SlQia+jfG0fjIWV//YeTaWrVnOxD89dPKfigCUspXFmjzOEUQpOkejH5Ly6sG0w==",
            "dev": true,
            "license": "BSD-3-Clause",
            "dependencies": {
                "@lit-labs/ssr-dom-shim": "^1.5.0",
                "@lit/reactive-element": "^2.1.0",
                "lit-html": "^3.3.0"
            }
        },
        "node_modules/lit-html": {
            "version": "3.3.3",
            "resolved": "https://registry.npmjs.org/lit-html/-/lit-html-3.3.3.tgz",
            "integrity": "sha512-el8M6jK2o3RXBnrSHX3ZKrsN8zEV63pSExTO1wYJz7QndGYZ8353e2a5PPX+qHe2aGayfnchQmkAojaWAREOIA==",
            "dev": true,
            "license": "BSD-3-Clause",
            "dependencies": {
                "@types/trusted-types": "^2.0.2"
            }
        },
        "node_modules/loose-envify": {
            "version": "1.4.0",
            "resolved": "https://registry.npmjs.org/loose-envify/-/loose-envify-1.4.0.tgz",
            "integrity": "sha512-lyuxPGr/Wfhrlem2CL/UcnUc1zcqKAImBDzukY7Y5F/yQiNdko6+fRLevlw1HgMySw7f611UIY408EtxRSoK3Q==",
            "dev": true,
            "license": "MIT",
            "dependencies": {
                "js-tokens": "^3.0.0 || ^4.0.0"
            },
            "bin": {
                "loose-envify": "cli.js"
            }
        },
        "node_modules/prettier": {
            "version": "3.7.4",
            "resolved": "https://registry.npmjs.org/prettier/-/prettier-3.7.4.tgz",
            "integrity": "sha512-v6UNi1+3hSlVvv8fSaoUbggEM5VErKmmpGA7Pl3HF8V6uKY7rvClBOJlH6yNwQtfTueNkGVpOv/mtWL9L4bgRA==",
            "dev": true,
            "license": "MIT",
            "bin": {
                "prettier": "bin/prettier.cjs"
            },
            "engines": {
                "node": ">=14"
            },
            "funding": {
                "url": "https://github.com/prettier/prettier?sponsor=1"
            }
        },
        "node_modules/react": {
            "version": "18.0.0",
            "resolved": "https://registry.npmjs.org/react/-/react-18.0.0.tgz",
            "integrity": "sha512-x+VL6wbT4JRVPm7EGxXhZ8w8LTROaxPXOqhlGyVSrv0sB1jkyFGgXxJ8LVoPRLvPR6/CIZGFmfzqUa2NYeMr2A==",
            "dev": true,
            "license": "MIT",
            "dependencies": {
                "loose-envify": "^1.1.0"
            },
            "engines": {
                "node": ">=0.10.0"
            }
        },
        "node_modules/react-fast-compare": {
            "version": "3.2.2",
            "resolved": "https://registry.npmjs.org/react-fast-compare/-/react-fast-compare-3.2.2.tgz",
            "integrity": "sha512-nsO+KSNgo1SbJqJEYRE9ERzo7YtYbou/OqjSQKxV7jcKox7+usiUVZOAC+XnDOABXggQTno0Y1CpVnuWEc1boQ==",
            "dev": true,
            "license": "MIT"
        },
        "node_modules/tachyons": {
            "version": "4.12.0",
            "resolved": "https://registry.npmjs.org/tachyons/-/tachyons-4.12.0.tgz",
            "integrity": "sha512-2nA2IrYFy3raCM9fxJ2KODRGHVSZNTW3BR0YnlGsLUf1DA3pk3YfWZ/DdfbnZK6zLZS+jUenlUGJsKcA5fUiZg==",
            "dev": true,
            "license": "MIT"
        },
        "node_modules/typescript": {
            "version": "5.8.3",
            "resolved": "https://registry.npmjs.org/typescript/-/typescript-5.8.3.tgz",
            "integrity": "sha512-p1diW6TqL9L07nNxvRMM7hMMw4c5XOo/1ibL4aAIGmSAt9slTE1Xgw5KWuof2uTOvCg9BY7ZRi+GaF+7sfgPeQ==",
            "dev": true,
            "license": "Apache-2.0",
            "bin": {
                "tsc": "bin/tsc",
                "tsserver": "bin/tsserver"
            },
            "engines": {
                "node": ">=14.17"
            }
        },
        "node_modules/vscode-jsonrpc": {
            "version": "9.0.2",
            "resolved": "https://registry.npmjs.org/vscode-jsonrpc/-/vscode-jsonrpc-9.0.2.tgz",
            "integrity": "sha512-SbQSV9yRemARxeXw6LU5sS6Zq0e9/DgCCX5yelH263ZQWukbTk8EF8fjTrr1dziasf4GwlJbvTwFnTrnQFWZXQ==",
            "dev": true,
            "license": "MIT",
            "engines": {
                "node": ">=14.0.0"
            }
        },
        "node_modules/vscode-languageserver-protocol": {
            "version": "3.18.3",
            "resolved": "https://registry.npmjs.org/vscode-languageserver-protocol/-/vscode-languageserver-protocol-3.18.3.tgz",
            "integrity": "sha512-DF49+WeV5py4zO5hhobp60jjsDSK0lAqA0OuKBLBvp423HPWQcCbhZz3JgyfIewsEz2f8U+X75xNIFHdiXZm2w==",
            "dev": true,
            "license": "MIT",
            "dependencies": {
                "vscode-jsonrpc": "9.0.2",
                "vscode-languageserver-types": "3.18.3"
            }
        },
        "node_modules/vscode-languageserver-types": {
            "version": "3.18.3",
            "resolved": "https://registry.npmjs.org/vscode-languageserver-types/-/vscode-languageserver-types-3.18.3.tgz",
            "integrity": "sha512-XIlzJ7Qp/jzSI1ds7/FwPAWrPeTZA7pAtlW4hdJ1J6xXWJL6dR9QYnDhJOdLzdKhUQ5Mm6mvUMw+3DcOQQasPw==",
            "dev": true,
            "license": "MIT"
        }
    }
}
